
Microsoft Visual Studio Solution File, Format Version 12.00
Project("{FAE04EC0-301F-11D3-BF4B-00C04F79EFBC}") = "Consulting", "Consulting\Consulting.csproj", "{3815ADA9-6CD5-4726-82DA-B31CBA0C3BAD}"
EndProject
Global
	GlobalSection(SolutionConfigurationPlatforms) = preSolution
		Debug|Any CPU = Debug|Any CPU
		Release|Any CPU = Release|Any CPU
	EndGlobalSection
	GlobalSection(ProjectConfigurationPlatforms) = postSolution
		{3815ADA9-6CD5-4726-82DA-B31CBA0C3BAD}.Debug|Any CPU.ActiveCfg = Debug|Any CPU
		{3815ADA9-6CD5-4726-82DA-B31CBA0C3BAD}.Debug|Any CPU.Build.0 = Debug|Any CPU
		{3815ADA9-6CD5-4726-82DA-B31CBA0C3BAD}.Release|Any CPU.ActiveCfg = Release|Any CPU
		{3815ADA9-6CD5-4726-82DA-B31CBA0C3BAD}.Release|Any CPU.Build.0 = Release|Any CPU
	EndGlobalSection
EndGlobal
